
Microsoft Visual Studio Solution File, Format Version 12.00
Project("{FAE04EC0-301F-11D3-BF4B-00C04F79EFBC}") = "NLayer.Core", "NLayer.Core\NLayer.Core.csproj", "{5B65CB64-22D0-4316-8921-4DD52C41C5CC}"
EndProject
Project("{FAE04EC0-301F-11D3-BF4B-00C04F79EFBC}") = "NLayer.Repository", "NLayer.Repository\NLayer.Repository.csproj", "{452A2062-41D3-49F9-9A94-28177BDEFC4A}"
EndProject
Project("{FAE04EC0-301F-11D3-BF4B-00C04F79EFBC}") = "NLayer.Service", "NLayer.Service\NLayer.Service.csproj", "{15626D8F-37D0-4A24-A0EB-809558E21AE8}"
EndProject
Project("{FAE04EC0-301F-11D3-BF4B-00C04F79EFBC}") = "NLayer.API", "NLayer.API\NLayer.API.csproj", "{02E8C0FF-0CAA-4ECA-8C18-15EBD884C2BD}"
EndProject
Project("{FAE04EC0-301F-11D3-BF4B-00C04F79EFBC}") = "NLayer.Web", "NLayer.Web\NLayer.Web.csproj", "{4BE06EF0-83E9-4BF8-823F-ED908D19D09E}"
EndProject
Project("{FAE04EC0-301F-11D3-BF4B-00C04F79EFBC}") = "NLayer.Caching", "NLayer.Caching\NLayer.Caching.csproj", "{589DD1BD-FD89-481F-8EE3-8DF393A35548}"
EndProject
Global
	GlobalSection(SolutionConfigurationPlatforms) = preSolution
		Debug|Any CPU = Debug|Any CPU
		Release|Any CPU = Release|Any CPU
	EndGlobalSection
	GlobalSection(ProjectConfigurationPlatforms) = postSolution
		{5B65CB64-22D0-4316-8921-4DD52C41C5CC}.Debug|Any CPU.ActiveCfg = Debug|Any CPU
		{5B65CB64-22D0-4316-8921-4DD52C41C5CC}.Debug|Any CPU.Build.0 = Debug|Any CPU
		{5B65CB64-22D0-4316-8921-4DD52C41C5CC}.Release|Any CPU.ActiveCfg = Release|Any CPU
		{5B65CB64-22D0-4316-8921-4DD52C41C5CC}.Release|Any CPU.Build.0 = Release|Any CPU
		{452A2062-41D3-49F9-9A94-28177BDEFC4A}.Debug|Any CPU.ActiveCfg = Debug|Any CPU
		{452A2062-41D3-49F9-9A94-28177BDEFC4A}.Debug|Any CPU.Build.0 = Debug|Any CPU
		{452A2062-41D3-49F9-9A94-28177BDEFC4A}.Release|Any CPU.ActiveCfg = Release|Any CPU
		{452A2062-41D3-49F9-9A94-28177BDEFC4A}.Release|Any CPU.Build.0 = Release|Any CPU
		{15626D8F-37D0-4A24-A0EB-809558E21AE8}.Debug|Any CPU.ActiveCfg = Debug|Any CPU
		{15626D8F-37D0-4A24-A0EB-809558E21AE8}.Debug|Any CPU.Build.0 = Debug|Any CPU
		{15626D8F-37D0-4A24-A0EB-809558E21AE8}.Release|Any CPU.ActiveCfg = Release|Any CPU
		{15626D8F-37D0-4A24-A0EB-809558E21AE8}.Release|Any CPU.Build.0 = Release|Any CPU
		{02E8C0FF-0CAA-4ECA-8C18-15EBD884C2BD}.Debug|Any CPU.ActiveCfg = Debug|Any CPU
		{02E8C0FF-0CAA-4ECA-8C18-15EBD884C2BD}.Debug|Any CPU.Build.0 = Debug|Any CPU
		{02E8C0FF-0CAA-4ECA-8C18-15EBD884C2BD}.Release|Any CPU.ActiveCfg = Release|Any CPU
		{02E8C0FF-0CAA-4ECA-8C18-15EBD884C2BD}.Release|Any CPU.Build.0 = Release|Any CPU
		{4BE06EF0-83E9-4BF8-823F-ED908D19D09E}.Debug|Any CPU.ActiveCfg = Debug|Any CPU
		{4BE06EF0-83E9-4BF8-823F-ED908D19D09E}.Debug|Any CPU.Build.0 = Debug|Any CPU
		{4BE06EF0-83E9-4BF8-823F-ED908D19D09E}.Release|Any CPU.ActiveCfg = Release|Any CPU
		{4BE06EF0-83E9-4BF8-823F-ED908D19D09E}.Release|Any CPU.Build.0 = Release|Any CPU
		{589DD1BD-FD89-481F-8EE3-8DF393A35548}.Debug|Any CPU.ActiveCfg = Debug|Any CPU
		{589DD1BD-FD89-481F-8EE3-8DF393A35548}.Debug|Any CPU.Build.0 = Debug|Any CPU
		{589DD1BD-FD89-481F-8EE3-8DF393A35548}.Release|Any CPU.ActiveCfg = Release|Any CPU
		{589DD1BD-FD89-481F-8EE3-8DF393A35548}.Release|Any CPU.Build.0 = Release|Any CPU
	EndGlobalSection
EndGlobal
